
Microsoft Visual Studio Solution File, Format Version 12.00
# Visual Studio Version 17
VisualStudioVersion = 17.3.32811.315
MinimumVisualStudioVersion = 10.0.40219.1
Project("{9A19103F-16F7-4668-BE54-9A1E7A4F7556}") = "FridgeApi", "FridgeApi\FridgeApi.csproj", "{1BD8F3EE-0D42-42B1-8773-C576C5D3BC25}"
EndProject
Project("{9A19103F-16F7-4668-BE54-9A1E7A4F7556}") = "Domain", "Domain\Domain.csproj", "{BA5B59FE-B8A3-4EF5-9A0A-BDB4B37E17E7}"
EndProject
Project("{9A19103F-16F7-4668-BE54-9A1E7A4F7556}") = "Persistence", "Persistance\Persistence.csproj", "{96D3206A-AFED-465B-9139-5EF56FF96A17}"
EndProject
Project("{9A19103F-16F7-4668-BE54-9A1E7A4F7556}") = "Application", "Application\Application.csproj", "{1E8C7593-5D42-4296-AF50-912797342935}"
EndProject
Global
	GlobalSection(SolutionConfigurationPlatforms) = preSolution
		Debug|Any CPU = Debug|Any CPU
		Release|Any CPU = Release|Any CPU
	EndGlobalSection
	GlobalSection(ProjectConfigurationPlatforms) = postSolution
		{1BD8F3EE-0D42-42B1-8773-C576C5D3BC25}.Debug|Any CPU.ActiveCfg = Debug|Any CPU
		{1BD8F3EE-0D42-42B1-8773-C576C5D3BC25}.Debug|Any CPU.Build.0 = Debug|Any CPU
		{1BD8F3EE-0D42-42B1-8773-C576C5D3BC25}.Release|Any CPU.ActiveCfg = Release|Any CPU
		{1BD8F3EE-0D42-42B1-8773-C576C5D3BC25}.Release|Any CPU.Build.0 = Release|Any CPU
		{BA5B59FE-B8A3-4EF5-9A0A-BDB4B37E17E7}.Debug|Any CPU.ActiveCfg = Debug|Any CPU
		{BA5B59FE-B8A3-4EF5-9A0A-BDB4B37E17E7}.Debug|Any CPU.Build.0 = Debug|Any CPU
		{BA5B59FE-B8A3-4EF5-9A0A-BDB4B37E17E7}.Release|Any CPU.ActiveCfg = Release|Any CPU
		{BA5B59FE-B8A3-4EF5-9A0A-BDB4B37E17E7}.Release|Any CPU.Build.0 = Release|Any CPU
		{96D3206A-AFED-465B-9139-5EF56FF96A17}.Debug|Any CPU.ActiveCfg = Debug|Any CPU
		{96D3206A-AFED-465B-9139-5EF56FF96A17}.Debug|Any CPU.Build.0 = Debug|Any CPU
		{96D3206A-AFED-465B-9139-5EF56FF96A17}.Release|Any CPU.ActiveCfg = Release|Any CPU
		{96D3206A-AFED-465B-9139-5EF56FF96A17}.Release|Any CPU.Build.0 = Release|Any CPU
		{1E8C7593-5D42-4296-AF50-912797342935}.Debug|Any CPU.ActiveCfg = Debug|Any CPU
		{1E8C7593-5D42-4296-AF50-912797342935}.Debug|Any CPU.Build.0 = Debug|Any CPU
		{1E8C7593-5D42-4296-AF50-912797342935}.Release|Any CPU.ActiveCfg = Release|Any CPU
		{1E8C7593-5D42-4296-AF50-912797342935}.Release|Any CPU.Build.0 = Release|Any CPU
	EndGlobalSection
	GlobalSection(SolutionProperties) = preSolution
		HideSolutionNode = FALSE
	EndGlobalSection
	GlobalSection(ExtensibilityGlobals) = postSolution
		SolutionGuid = {10FB3DB7-46B1-4FE9-8368-5A9F0C9C1FC7}
	EndGlobalSection
EndGlobal
